
Microsoft Visual Studio Solution File, Format Version 12.00
# Visual Studio Version 17
VisualStudioVersion = 17.7.34221.43
MinimumVisualStudioVersion = 10.0.40219.1
Project("{FAE04EC0-301F-11D3-BF4B-00C04F79EFBC}") = "abmodn", "abmodn\abmodn.csproj", "{422E3C3C-4078-44DA-AED5-F076F3A1086F}"
EndProject
Global
	GlobalSection(SolutionConfigurationPlatforms) = preSolution
		Debug|Any CPU = Debug|Any CPU
		Release|Any CPU = Release|Any CPU
	EndGlobalSection
	GlobalSection(ProjectConfigurationPlatforms) = postSolution
		{422E3C3C-4078-44DA-AED5-F076F3A1086F}.Debug|Any CPU.ActiveCfg = Debug|Any CPU
		{422E3C3C-4078-44DA-AED5-F076F3A1086F}.Debug|Any CPU.Build.0 = Debug|Any CPU
		{422E3C3C-4078-44DA-AED5-F076F3A1086F}.Release|Any CPU.ActiveCfg = Release|Any CPU
		{422E3C3C-4078-44DA-AED5-F076F3A1086F}.Release|Any CPU.Build.0 = Release|Any CPU
	EndGlobalSection
	GlobalSection(SolutionProperties) = preSolution
		HideSolutionNode = FALSE
	EndGlobalSection
	GlobalSection(ExtensibilityGlobals) = postSolution
		SolutionGuid = {02FA0420-A8CA-4791-9E7C-59A27CD8C716}
	EndGlobalSection
EndGlobal
