
Microsoft Visual Studio Solution File, Format Version 12.00
# Visual Studio Version 17
VisualStudioVersion = 17.7.34221.43
MinimumVisualStudioVersion = 10.0.40219.1
Project("{FAE04EC0-301F-11D3-BF4B-00C04F79EFBC}") = "Oclip", "Oclip\Oclip.csproj", "{73FAC301-4FD6-4CF2-A468-49B884C0303E}"
EndProject
Global
	GlobalSection(SolutionConfigurationPlatforms) = preSolution
		Debug|Any CPU = Debug|Any CPU
		Release|Any CPU = Release|Any CPU
	EndGlobalSection
	GlobalSection(ProjectConfigurationPlatforms) = postSolution
		{73FAC301-4FD6-4CF2-A468-49B884C0303E}.Debug|Any CPU.ActiveCfg = Debug|Any CPU
		{73FAC301-4FD6-4CF2-A468-49B884C0303E}.Debug|Any CPU.Build.0 = Debug|Any CPU
		{73FAC301-4FD6-4CF2-A468-49B884C0303E}.Release|Any CPU.ActiveCfg = Release|Any CPU
		{73FAC301-4FD6-4CF2-A468-49B884C0303E}.Release|Any CPU.Build.0 = Release|Any CPU
	EndGlobalSection
	GlobalSection(SolutionProperties) = preSolution
		HideSolutionNode = FALSE
	EndGlobalSection
	GlobalSection(ExtensibilityGlobals) = postSolution
		SolutionGuid = {D63159AD-106C-4F02-86DD-B836E31D2F43}
	EndGlobalSection
EndGlobal
